
Microsoft Visual Studio Solution File, Format Version 12.00
# Visual Studio Version 17
VisualStudioVersion = 17.14.36221.1 d17.14
MinimumVisualStudioVersion = 10.0.40219.1
Project("{FAE04EC0-301F-11D3-BF4B-00C04F79EFBC}") = "DataTypeExample", "DataTypeExample\DataTypeExample.csproj", "{FAFEF083-18B4-4678-A75E-24E511CB59C6}"
EndProject
Global
	GlobalSection(SolutionConfigurationPlatforms) = preSolution
		Debug|Any CPU = Debug|Any CPU
		Release|Any CPU = Release|Any CPU
	EndGlobalSection
	GlobalSection(ProjectConfigurationPlatforms) = postSolution
		{FAFEF083-18B4-4678-A75E-24E511CB59C6}.Debug|Any CPU.ActiveCfg = Debug|Any CPU
		{FAFEF083-18B4-4678-A75E-24E511CB59C6}.Debug|Any CPU.Build.0 = Debug|Any CPU
		{FAFEF083-18B4-4678-A75E-24E511CB59C6}.Release|Any CPU.ActiveCfg = Release|Any CPU
		{FAFEF083-18B4-4678-A75E-24E511CB59C6}.Release|Any CPU.Build.0 = Release|Any CPU
	EndGlobalSection
	GlobalSection(SolutionProperties) = preSolution
		HideSolutionNode = FALSE
	EndGlobalSection
	GlobalSection(ExtensibilityGlobals) = postSolution
		SolutionGuid = {B767B101-D6C9-4CD9-B7BC-60E92F86FF5A}
	EndGlobalSection
EndGlobal
